
Microsoft Visual Studio Solution File, Format Version 12.00
# Visual Studio Version 16
VisualStudioVersion = 16.0.29728.190
MinimumVisualStudioVersion = 10.0.40219.1
Project("{FAE04EC0-301F-11D3-BF4B-00C04F79EFBC}") = "PMCommonApiModels", "PMCommonApiModels\PMCommonApiModels.csproj", "{7BB78F2D-B06E-42FD-8C20-CA408A8A8F42}"
EndProject
Global
	GlobalSection(SolutionConfigurationPlatforms) = preSolution
		Debug|Any CPU = Debug|Any CPU
		Release|Any CPU = Release|Any CPU
	EndGlobalSection
	GlobalSection(ProjectConfigurationPlatforms) = postSolution
		{7BB78F2D-B06E-42FD-8C20-CA408A8A8F42}.Debug|Any CPU.ActiveCfg = Debug|Any CPU
		{7BB78F2D-B06E-42FD-8C20-CA408A8A8F42}.Debug|Any CPU.Build.0 = Debug|Any CPU
		{7BB78F2D-B06E-42FD-8C20-CA408A8A8F42}.Release|Any CPU.ActiveCfg = Release|Any CPU
		{7BB78F2D-B06E-42FD-8C20-CA408A8A8F42}.Release|Any CPU.Build.0 = Release|Any CPU
	EndGlobalSection
	GlobalSection(SolutionProperties) = preSolution
		HideSolutionNode = FALSE
	EndGlobalSection
	GlobalSection(ExtensibilityGlobals) = postSolution
		SolutionGuid = {4A9824B7-11F7-4E7D-BC37-D2CF7D0FBC0A}
	EndGlobalSection
EndGlobal
